
Microsoft Visual Studio Solution File, Format Version 12.00
# Visual Studio 15
VisualStudioVersion = 15.0.28307.1062
MinimumVisualStudioVersion = 10.0.40219.1
Project("{FAE04EC0-301F-11D3-BF4B-00C04F79EFBC}") = "Eve Settings Manager", "Eve Settings Manager.csproj", "{EBAF8682-3AFF-465E-89FB-B7228A35B068}"
EndProject
Global
	GlobalSection(SolutionConfigurationPlatforms) = preSolution
		Debug|Any CPU = Debug|Any CPU
		Release|Any CPU = Release|Any CPU
	EndGlobalSection
	GlobalSection(ProjectConfigurationPlatforms) = postSolution
		{EBAF8682-3AFF-465E-89FB-B7228A35B068}.Debug|Any CPU.ActiveCfg = Debug|Any CPU
		{EBAF8682-3AFF-465E-89FB-B7228A35B068}.Debug|Any CPU.Build.0 = Debug|Any CPU
		{EBAF8682-3AFF-465E-89FB-B7228A35B068}.Release|Any CPU.ActiveCfg = Release|Any CPU
		{EBAF8682-3AFF-465E-89FB-B7228A35B068}.Release|Any CPU.Build.0 = Release|Any CPU
	EndGlobalSection
	GlobalSection(SolutionProperties) = preSolution
		HideSolutionNode = FALSE
	EndGlobalSection
	GlobalSection(ExtensibilityGlobals) = postSolution
		SolutionGuid = {CD6BCFCF-4EC1-4F1D-9893-47B65ECF0788}
	EndGlobalSection
EndGlobal
